
Microsoft Visual Studio Solution File, Format Version 12.00
Project("{FAE04EC0-301F-11D3-BF4B-00C04F79EFBC}") = "ALG_Projekt_Denik", "ALG_Projekt_Denik\ALG_Projekt_Denik.csproj", "{2DA83625-E0C2-45EC-9D29-C9723B709B2A}"
EndProject
Global
	GlobalSection(SolutionConfigurationPlatforms) = preSolution
		Debug|Any CPU = Debug|Any CPU
		Release|Any CPU = Release|Any CPU
	EndGlobalSection
	GlobalSection(ProjectConfigurationPlatforms) = postSolution
		{2DA83625-E0C2-45EC-9D29-C9723B709B2A}.Debug|Any CPU.ActiveCfg = Debug|Any CPU
		{2DA83625-E0C2-45EC-9D29-C9723B709B2A}.Debug|Any CPU.Build.0 = Debug|Any CPU
		{2DA83625-E0C2-45EC-9D29-C9723B709B2A}.Release|Any CPU.ActiveCfg = Release|Any CPU
		{2DA83625-E0C2-45EC-9D29-C9723B709B2A}.Release|Any CPU.Build.0 = Release|Any CPU
	EndGlobalSection
EndGlobal
